// !$*UTF8*$!
{
	archiveVersion = 1;
	classes = {
	};
	objectVersion = 46;
	objects = {

/* Begin PBXBuildFile section */
		0FDC182919059DAB000C69A0 /* 5-9.c in Sources */ = {isa = PBXBuildFile; fileRef = 0FDC182819059DAB000C69A0 /* 5-9.c */; };
		0FDC182B19059DAB000C69A0 /* __9.1 in CopyFiles */ = {isa = PBXBuildFile; fileRef = 0FDC182A19059DAB000C69A0 /* __9.1 */; };
/* End PBXBuildFile section */

/* Begin PBXCopyFilesBuildPhase section */
		0FDC182319059DAB000C69A0 /* CopyFiles */ = {
			isa = PBXCopyFilesBuildPhase;
			buildActionMask = 2147483647;
			dstPath = /usr/share/man/man1/;
			dstSubfolderSpec = 0;
			files = (
				0FDC182B19059DAB000C69A0 /* __9.1 in CopyFiles */,
			);
			runOnlyForDeploymentPostprocessing = 1;
		};
/* End PBXCopyFilesBuildPhase section */

/* Begin PBXFileReference section */
		0FDC182519059DAB000C69A0 /* 5-9 */ = {isa = PBXFileReference; explicitFileType = "compiled.mach-o.executable"; includeInIndex = 0; path = "5-9"; sourceTree = BUILT_PRODUCTS_DIR; };
		0FDC182819059DAB000C69A0 /* 5-9.c */ = {isa = PBXFileReference; lastKnownFileType = sourcecode.c.c; path = "5-9.c"; sourceTree = "<group>"; };
		0FDC182A19059DAB000C69A0 /* __9.1 */ = {isa = PBXFileReference; lastKnownFileType = text.man; path = __9.1; sourceTree = "<group>"; };
/* End PBXFileReference section */

/* Begin PBXFrameworksBuildPhase section */
		0FDC182219059DAB000C69A0 /* Frameworks */ = {
			isa = PBXFrameworksBuildPhase;
			buildActionMask = 2147483647;
			files = (
			);
			runOnlyForDeploymentPostprocessing = 0;
		};
/* End PBXFrameworksBuildPhase section */

/* Begin PBXGroup section */
		0FDC181C19059DAB000C69A0 = {
			isa = PBXGroup;
			children = (
				0FDC182719059DAB000C69A0 /* 5-9 */,
				0FDC182619059DAB000C69A0 /* Products */,
			);
			sourceTree = "<group>";
		};
		0FDC182619059DAB000C69A0 /* Products */ = {
			isa = PBXGroup;
			children = (
				0FDC182519059DAB000C69A0 /* 5-9 */,
			);
			name = Products;
			sourceTree = "<group>";
		};
		0FDC182719059DAB000C69A0 /* 5-9 */ = {
			isa = PBXGroup;
			children = (
				0FDC182819059DAB000C69A0 /* 5-9.c */,
				0FDC182A19059DAB000C69A0 /* __9.1 */,
			);
			path = "5-9";
			sourceTree = "<group>";
		};
/* End PBXGroup section */

/* Begin PBXNativeTarget section */
		0FDC182419059DAB000C69A0 /* 5-9 */ = {
			isa = PBXNativeTarget;
			buildConfigurationList = 0FDC182E19059DAB000C69A0 /* Build configuration list for PBXNativeTarget "5-9" */;
			buildPhases = (
				0FDC182119059DAB000C69A0 /* Sources */,
				0FDC182219059DAB000C69A0 /* Frameworks */,
				0FDC182319059DAB000C69A0 /* CopyFiles */,
			);
			buildRules = (
			);
			dependencies = (
			);
			name = "5-9";
			productName = "5-9";
			productReference = 0FDC182519059DAB000C69A0 /* 5-9 */;
			productType = "com.apple.product-type.tool";
		};
/* End PBXNativeTarget section */

/* Begin PBXProject section */
		0FDC181D19059DAB000C69A0 /* Project object */ = {
			isa = PBXProject;
			attributes = {
				LastUpgradeCheck = 0510;
				ORGANIZATIONNAME = "Xueyong Qian";
			};
			buildConfigurationList = 0FDC182019059DAB000C69A0 /* Build configuration list for PBXProject "5-9" */;
			compatibilityVersion = "Xcode 3.2";
			developmentRegion = English;
			hasScannedForEncodings = 0;
			knownRegions = (
				en,
			);
			mainGroup = 0FDC181C19059DAB000C69A0;
			productRefGroup = 0FDC182619059DAB000C69A0 /* Products */;
			projectDirPath = "";
			projectRoot = "";
			targets = (
				0FDC182419059DAB000C69A0 /* 5-9 */,
			);
		};
/* End PBXProject section */

/* Begin PBXSourcesBuildPhase section */
		0FDC182119059DAB000C69A0 /* Sources */ = {
			isa = PBXSourcesBuildPhase;
			buildActionMask = 2147483647;
			files = (
				0FDC182919059DAB000C69A0 /* 5-9.c in Sources */,
			);
			runOnlyForDeploymentPostprocessing = 0;
		};
/* End PBXSourcesBuildPhase section */

/* Begin XCBuildConfiguration section */
		0FDC182C19059DAB000C69A0 /* Debug */ = {
			isa = XCBuildConfiguration;
			buildSettings = {
				ALWAYS_SEARCH_USER_PATHS = NO;
				CLANG_CXX_LANGUAGE_STANDARD = "gnu++0x";
				CLANG_CXX_LIBRARY = "libc++";
				CLANG_ENABLE_MODULES = YES;
				CLANG_ENABLE_OBJC_ARC = YES;
				CLANG_WARN_BOOL_CONVERSION = YES;
				CLANG_WARN_CONSTANT_CONVERSION = YES;
				CLANG_WARN_DIRECT_OBJC_ISA_USAGE = YES_ERROR;
				CLANG_WARN_EMPTY_BODY = YES;
				CLANG_WARN_ENUM_CONVERSION = YES;
				CLANG_WARN_INT_CONVERSION = YES;
				CLANG_WARN_OBJC_ROOT_CLASS = YES_ERROR;
				CLANG_WARN__DUPLICATE_METHOD_MATCH = YES;
				COPY_PHASE_STRIP = NO;
				GCC_C_LANGUAGE_STANDARD = gnu99;
				GCC_DYNAMIC_NO_PIC = NO;
				GCC_ENABLE_OBJC_EXCEPTIONS = YES;
				GCC_OPTIMIZATION_LEVEL = 0;
				GCC_PREPROCESSOR_DEFINITIONS = (
					"DEBUG=1",
					"$(inherited)",
				);
				GCC_SYMBOLS_PRIVATE_EXTERN = NO;
				GCC_WARN_64_TO_32_BIT_CONVERSION = YES;
				GCC_WARN_ABOUT_RETURN_TYPE = YES_ERROR;
				GCC_WARN_UNDECLARED_SELECTOR = YES;
				GCC_WARN_UNINITIALIZED_AUTOS = YES_AGGRESSIVE;
				GCC_WARN_UNUSED_FUNCTION = YES;
				GCC_WARN_UNUSED_VARIABLE = YES;
				MACOSX_DEPLOYMENT_TARGET = 10.9;
				ONLY_ACTIVE_ARCH = YES;
				SDKROOT = macosx;
			};
			name = Debug;
		};
		0FDC182D19059DAB000C69A0 /* Release */ = {
			isa = XCBuildConfiguration;
			buildSettings = {
				ALWAYS_SEARCH_USER_PATHS = NO;
				CLANG_CXX_LANGUAGE_STANDARD = "gnu++0x";
				CLANG_CXX_LIBRARY = "libc++";
				CLANG_ENABLE_MODULES = YES;
				CLANG_ENABLE_OBJC_ARC = YES;
				CLANG_WARN_BOOL_CONVERSION = YES;
				CLANG_WARN_CONSTANT_CONVERSION = YES;
				CLANG_WARN_DIRECT_OBJC_ISA_USAGE = YES_ERROR;
				CLANG_WARN_EMPTY_BODY = YES;
				CLANG_WARN_ENUM_CONVERSION = YES;
				CLANG_WARN_INT_CONVERSION = YES;
				CLANG_WARN_OBJC_ROOT_CLASS = YES_ERROR;
				CLANG_WARN__DUPLICATE_METHOD_MATCH = YES;
				COPY_PHASE_STRIP = YES;
				DEBUG_INFORMATION_FORMAT = "dwarf-with-dsym";
				ENABLE_NS_ASSERTIONS = NO;
				GCC_C_LANGUAGE_STANDARD = gnu99;
				GCC_ENABLE_OBJC_EXCEPTIONS = YES;
				GCC_WARN_64_TO_32_BIT_CONVERSION = YES;
				GCC_WARN_ABOUT_RETURN_TYPE = YES_ERROR;
				GCC_WARN_UNDECLARED_SELECTOR = YES;
				GCC_WARN_UNINITIALIZED_AUTOS = YES_AGGRESSIVE;
				GCC_WARN_UNUSED_FUNCTION = YES;
				GCC_WARN_UNUSED_VARIABLE = YES;
				MACOSX_DEPLOYMENT_TARGET = 10.9;
				SDKROOT = macosx;
			};
			name = Release;
		};
		0FDC182F19059DAB000C69A0 /* Debug */ = {
			isa = XCBuildConfiguration;
			buildSettings = {
				PRODUCT_NAME = "$(TARGET_NAME)";
			};
			name = Debug;
		};
		0FDC183019059DAB000C69A0 /* Release */ = {
			isa = XCBuildConfiguration;
			buildSettings = {
				PRODUCT_NAME = "$(TARGET_NAME)";
			};
			name = Release;
		};
/* End XCBuildConfiguration section */

/* Begin XCConfigurationList section */
		0FDC182019059DAB000C69A0 /* Build configuration list for PBXProject "5-9" */ = {
			isa = XCConfigurationList;
			buildConfigurations = (
				0FDC182C19059DAB000C69A0 /* Debug */,
				0FDC182D19059DAB000C69A0 /* Release */,
			);
			defaultConfigurationIsVisible = 0;
			defaultConfigurationName = Release;
		};
		0FDC182E19059DAB000C69A0 /* Build configuration list for PBXNativeTarget "5-9" */ = {
			isa = XCConfigurationList;
			buildConfigurations = (
				0FDC182F19059DAB000C69A0 /* Debug */,
				0FDC183019059DAB000C69A0 /* Release */,
			);
			defaultConfigurationIsVisible = 0;
		};
/* End XCConfigurationList section */
	};
	rootObject = 0FDC181D19059DAB000C69A0 /* Project object */;
}
